
Microsoft Visual Studio Solution File, Format Version 12.00
# Visual Studio Version 16
VisualStudioVersion = 16.0.30503.244
MinimumVisualStudioVersion = 10.0.40219.1
Project("{FAE04EC0-301F-11D3-BF4B-00C04F79EFBC}") = "iiModulusTime.Android", "iiModulusTime.Android\iiModulusTime.Android.csproj", "{31031EDC-F1F6-416F-9224-0918C7A4C072}"
EndProject
Project("{FAE04EC0-301F-11D3-BF4B-00C04F79EFBC}") = "iiModulusTime", "iiModulusTime\iiModulusTime.csproj", "{ED2745BB-B219-4145-8E42-F5EB64EB425C}"
EndProject
Global
	GlobalSection(SolutionConfigurationPlatforms) = preSolution
		Debug|Any CPU = Debug|Any CPU
		Release|Any CPU = Release|Any CPU
	EndGlobalSection
	GlobalSection(ProjectConfigurationPlatforms) = postSolution
		{31031EDC-F1F6-416F-9224-0918C7A4C072}.Debug|Any CPU.ActiveCfg = Debug|Any CPU
		{31031EDC-F1F6-416F-9224-0918C7A4C072}.Debug|Any CPU.Build.0 = Debug|Any CPU
		{31031EDC-F1F6-416F-9224-0918C7A4C072}.Debug|Any CPU.Deploy.0 = Debug|Any CPU
		{31031EDC-F1F6-416F-9224-0918C7A4C072}.Release|Any CPU.ActiveCfg = Release|Any CPU
		{31031EDC-F1F6-416F-9224-0918C7A4C072}.Release|Any CPU.Build.0 = Release|Any CPU
		{31031EDC-F1F6-416F-9224-0918C7A4C072}.Release|Any CPU.Deploy.0 = Release|Any CPU
		{ED2745BB-B219-4145-8E42-F5EB64EB425C}.Debug|Any CPU.ActiveCfg = Debug|Any CPU
		{ED2745BB-B219-4145-8E42-F5EB64EB425C}.Debug|Any CPU.Build.0 = Debug|Any CPU
		{ED2745BB-B219-4145-8E42-F5EB64EB425C}.Debug|Any CPU.Deploy.0 = Debug|Any CPU
		{ED2745BB-B219-4145-8E42-F5EB64EB425C}.Release|Any CPU.ActiveCfg = Release|Any CPU
		{ED2745BB-B219-4145-8E42-F5EB64EB425C}.Release|Any CPU.Build.0 = Release|Any CPU
		{ED2745BB-B219-4145-8E42-F5EB64EB425C}.Release|Any CPU.Deploy.0 = Release|Any CPU
	EndGlobalSection
	GlobalSection(SolutionProperties) = preSolution
		HideSolutionNode = FALSE
	EndGlobalSection
	GlobalSection(ExtensibilityGlobals) = postSolution
		SolutionGuid = {320FCDEC-931C-4D3D-8090-7D3BA77B0F52}
	EndGlobalSection
EndGlobal
